
Microsoft Visual Studio Solution File, Format Version 12.00
# Visual Studio Version 17
VisualStudioVersion = 17.0.31903.59
MinimumVisualStudioVersion = 10.0.40219.1
Project("{9A19103F-16F7-4668-BE54-9A1E7A4F7556}") = "InMemoryEventBus", "InMemoryEventBus\InMemoryEventBus.csproj", "{45B9CC81-E23B-43A1-9295-FEC1AF1831A0}"
EndProject
Global
	GlobalSection(SolutionConfigurationPlatforms) = preSolution
		Debug|Any CPU = Debug|Any CPU
		Release|Any CPU = Release|Any CPU
	EndGlobalSection
	GlobalSection(ProjectConfigurationPlatforms) = postSolution
		{45B9CC81-E23B-43A1-9295-FEC1AF1831A0}.Debug|Any CPU.ActiveCfg = Debug|Any CPU
		{45B9CC81-E23B-43A1-9295-FEC1AF1831A0}.Debug|Any CPU.Build.0 = Debug|Any CPU
		{45B9CC81-E23B-43A1-9295-FEC1AF1831A0}.Release|Any CPU.ActiveCfg = Release|Any CPU
		{45B9CC81-E23B-43A1-9295-FEC1AF1831A0}.Release|Any CPU.Build.0 = Release|Any CPU
	EndGlobalSection
	GlobalSection(SolutionProperties) = preSolution
		HideSolutionNode = FALSE
	EndGlobalSection
	GlobalSection(ExtensibilityGlobals) = postSolution
		SolutionGuid = {77863486-DA36-4972-9C5A-DEABAB1F3309}
	EndGlobalSection
EndGlobal
